// !$*UTF8*$!
{
	archiveVersion = 1;
	classes = {
	};
	objectVersion = 77;
	objects = {

/* Begin PBXBuildFile section */
		D91C03642CE3B8F80083D50D /* ID3TagEditor in Frameworks */ = {isa = PBXBuildFile; productRef = D9D6685B2CD005F700AF4B25 /* ID3TagEditor */; };
		D9C208342D00A55C00F0AEAB /* Info.plist in Resources */ = {isa = PBXBuildFile; fileRef = D9C208332D00A55C00F0AEAB /* Info.plist */; };
		F86F17222D159AEC006F3E73 /* README.md in Resources */ = {isa = PBXBuildFile; fileRef = F86F17212D159AE3006F3E73 /* README.md */; };
/* End PBXBuildFile section */

/* Begin PBXContainerItemProxy section */
		D9C4FBF52CC6900D00FA3988 /* PBXContainerItemProxy */ = {
			isa = PBXContainerItemProxy;
			containerPortal = D9C4FBDB2CC6900B00FA3988 /* Project object */;
			proxyType = 1;
			remoteGlobalIDString = D9C4FBE22CC6900B00FA3988;
			remoteInfo = PlaylistGenerator;
		};
		D9C4FBFF2CC6900D00FA3988 /* PBXContainerItemProxy */ = {
			isa = PBXContainerItemProxy;
			containerPortal = D9C4FBDB2CC6900B00FA3988 /* Project object */;
			proxyType = 1;
			remoteGlobalIDString = D9C4FBE22CC6900B00FA3988;
			remoteInfo = PlaylistGenerator;
		};
/* End PBXContainerItemProxy section */

/* Begin PBXCopyFilesBuildPhase section */
		D90D30D82CE3C33200ABD347 /* Embed Libraries */ = {
			isa = PBXCopyFilesBuildPhase;
			buildActionMask = 2147483647;
			dstPath = "";
			dstSubfolderSpec = 10;
			files = (
			);
			name = "Embed Libraries";
			runOnlyForDeploymentPostprocessing = 0;
		};
		D90D30D92CE3CDEB00ABD347 /* CopyFiles */ = {
			isa = PBXCopyFilesBuildPhase;
			buildActionMask = 2147483647;
			dstPath = "";
			dstSubfolderSpec = 7;
			files = (
			);
			runOnlyForDeploymentPostprocessing = 0;
		};
/* End PBXCopyFilesBuildPhase section */

/* Begin PBXFileReference section */
		D9C208332D00A55C00F0AEAB /* Info.plist */ = {isa = PBXFileReference; lastKnownFileType = text.plist.xml; path = Info.plist; sourceTree = "<group>"; };
		D9C4FBE32CC6900B00FA3988 /* PlaylistGenerator.app */ = {isa = PBXFileReference; explicitFileType = wrapper.application; includeInIndex = 0; path = PlaylistGenerator.app; sourceTree = BUILT_PRODUCTS_DIR; };
		D9C4FBF42CC6900D00FA3988 /* PlaylistGeneratorTests.xctest */ = {isa = PBXFileReference; explicitFileType = wrapper.cfbundle; includeInIndex = 0; path = PlaylistGeneratorTests.xctest; sourceTree = BUILT_PRODUCTS_DIR; };
		D9C4FBFE2CC6900D00FA3988 /* PlaylistGeneratorUITests.xctest */ = {isa = PBXFileReference; explicitFileType = wrapper.cfbundle; includeInIndex = 0; path = PlaylistGeneratorUITests.xctest; sourceTree = BUILT_PRODUCTS_DIR; };
		F86F17212D159AE3006F3E73 /* README.md */ = {isa = PBXFileReference; lastKnownFileType = net.daringfireball.markdown; path = README.md; sourceTree = "<group>"; };
/* End PBXFileReference section */

/* Begin PBXFileSystemSynchronizedRootGroup section */
		D9C4FBE52CC6900B00FA3988 /* PlaylistGenerator */ = {
			isa = PBXFileSystemSynchronizedRootGroup;
			path = PlaylistGenerator;
			sourceTree = "<group>";
		};
		D9C4FBF72CC6900D00FA3988 /* PlaylistGeneratorTests */ = {
			isa = PBXFileSystemSynchronizedRootGroup;
			path = PlaylistGeneratorTests;
			sourceTree = "<group>";
		};
		D9C4FC012CC6900D00FA3988 /* PlaylistGeneratorUITests */ = {
			isa = PBXFileSystemSynchronizedRootGroup;
			path = PlaylistGeneratorUITests;
			sourceTree = "<group>";
		};
/* End PBXFileSystemSynchronizedRootGroup section */

/* Begin PBXFrameworksBuildPhase section */
		D9C4FBE02CC6900B00FA3988 /* Frameworks */ = {
			isa = PBXFrameworksBuildPhase;
			buildActionMask = 2147483647;
			files = (
				D91C03642CE3B8F80083D50D /* ID3TagEditor in Frameworks */,
			);
			runOnlyForDeploymentPostprocessing = 0;
		};
		D9C4FBF12CC6900D00FA3988 /* Frameworks */ = {
			isa = PBXFrameworksBuildPhase;
			buildActionMask = 2147483647;
			files = (
			);
			runOnlyForDeploymentPostprocessing = 0;
		};
		D9C4FBFB2CC6900D00FA3988 /* Frameworks */ = {
			isa = PBXFrameworksBuildPhase;
			buildActionMask = 2147483647;
			files = (
			);
			runOnlyForDeploymentPostprocessing = 0;
		};
/* End PBXFrameworksBuildPhase section */

/* Begin PBXGroup section */
		D9C4FBDA2CC6900B00FA3988 = {
			isa = PBXGroup;
			children = (
				F86F17212D159AE3006F3E73 /* README.md */,
				D9C208332D00A55C00F0AEAB /* Info.plist */,
				D9C4FBE52CC6900B00FA3988 /* PlaylistGenerator */,
				D9C4FBF72CC6900D00FA3988 /* PlaylistGeneratorTests */,
				D9C4FC012CC6900D00FA3988 /* PlaylistGeneratorUITests */,
				D9C4FBE42CC6900B00FA3988 /* Products */,
			);
			sourceTree = "<group>";
		};
		D9C4FBE42CC6900B00FA3988 /* Products */ = {
			isa = PBXGroup;
			children = (
				D9C4FBE32CC6900B00FA3988 /* PlaylistGenerator.app */,
				D9C4FBF42CC6900D00FA3988 /* PlaylistGeneratorTests.xctest */,
				D9C4FBFE2CC6900D00FA3988 /* PlaylistGeneratorUITests.xctest */,
			);
			name = Products;
			sourceTree = "<group>";
		};
/* End PBXGroup section */

/* Begin PBXNativeTarget section */
		D9C4FBE22CC6900B00FA3988 /* PlaylistGenerator */ = {
			isa = PBXNativeTarget;
			buildConfigurationList = D9C4FC082CC6900D00FA3988 /* Build configuration list for PBXNativeTarget "PlaylistGenerator" */;
			buildPhases = (
				D9C4FBDF2CC6900B00FA3988 /* Sources */,
				D9C4FBE02CC6900B00FA3988 /* Frameworks */,
				D9C4FBE12CC6900B00FA3988 /* Resources */,
				D90D30D82CE3C33200ABD347 /* Embed Libraries */,
				D90D30D92CE3CDEB00ABD347 /* CopyFiles */,
			);
			buildRules = (
			);
			dependencies = (
			);
			fileSystemSynchronizedGroups = (
				D9C4FBE52CC6900B00FA3988 /* PlaylistGenerator */,
			);
			name = PlaylistGenerator;
			packageProductDependencies = (
				D9D6685B2CD005F700AF4B25 /* ID3TagEditor */,
			);
			productName = PlaylistGenerator;
			productReference = D9C4FBE32CC6900B00FA3988 /* PlaylistGenerator.app */;
			productType = "com.apple.product-type.application";
		};
		D9C4FBF32CC6900D00FA3988 /* PlaylistGeneratorTests */ = {
			isa = PBXNativeTarget;
			buildConfigurationList = D9C4FC0B2CC6900D00FA3988 /* Build configuration list for PBXNativeTarget "PlaylistGeneratorTests" */;
			buildPhases = (
				D9C4FBF02CC6900D00FA3988 /* Sources */,
				D9C4FBF12CC6900D00FA3988 /* Frameworks */,
				D9C4FBF22CC6900D00FA3988 /* Resources */,
			);
			buildRules = (
			);
			dependencies = (
				D9C4FBF62CC6900D00FA3988 /* PBXTargetDependency */,
			);
			fileSystemSynchronizedGroups = (
				D9C4FBF72CC6900D00FA3988 /* PlaylistGeneratorTests */,
			);
			name = PlaylistGeneratorTests;
			packageProductDependencies = (
			);
			productName = PlaylistGeneratorTests;
			productReference = D9C4FBF42CC6900D00FA3988 /* PlaylistGeneratorTests.xctest */;
			productType = "com.apple.product-type.bundle.unit-test";
		};
		D9C4FBFD2CC6900D00FA3988 /* PlaylistGeneratorUITests */ = {
			isa = PBXNativeTarget;
			buildConfigurationList = D9C4FC0E2CC6900D00FA3988 /* Build configuration list for PBXNativeTarget "PlaylistGeneratorUITests" */;
			buildPhases = (
				D9C4FBFA2CC6900D00FA3988 /* Sources */,
				D9C4FBFB2CC6900D00FA3988 /* Frameworks */,
				D9C4FBFC2CC6900D00FA3988 /* Resources */,
			);
			buildRules = (
			);
			dependencies = (
				D9C4FC002CC6900D00FA3988 /* PBXTargetDependency */,
			);
			fileSystemSynchronizedGroups = (
				D9C4FC012CC6900D00FA3988 /* PlaylistGeneratorUITests */,
			);
			name = PlaylistGeneratorUITests;
			packageProductDependencies = (
			);
			productName = PlaylistGeneratorUITests;
			productReference = D9C4FBFE2CC6900D00FA3988 /* PlaylistGeneratorUITests.xctest */;
			productType = "com.apple.product-type.bundle.ui-testing";
		};
/* End PBXNativeTarget section */

/* Begin PBXProject section */
		D9C4FBDB2CC6900B00FA3988 /* Project object */ = {
			isa = PBXProject;
			attributes = {
				BuildIndependentTargetsInParallel = 1;
				LastSwiftUpdateCheck = 1600;
				LastUpgradeCheck = 1600;
				TargetAttributes = {
					D9C4FBE22CC6900B00FA3988 = {
						CreatedOnToolsVersion = 16.0;
					};
					D9C4FBF32CC6900D00FA3988 = {
						CreatedOnToolsVersion = 16.0;
						TestTargetID = D9C4FBE22CC6900B00FA3988;
					};
					D9C4FBFD2CC6900D00FA3988 = {
						CreatedOnToolsVersion = 16.0;
						TestTargetID = D9C4FBE22CC6900B00FA3988;
					};
				};
			};
			buildConfigurationList = D9C4FBDE2CC6900B00FA3988 /* Build configuration list for PBXProject "PlaylistGenerator" */;
			developmentRegion = en;
			hasScannedForEncodings = 0;
			knownRegions = (
				en,
				Base,
			);
			mainGroup = D9C4FBDA2CC6900B00FA3988;
			minimizedProjectReferenceProxies = 1;
			packageReferences = (
				D9D6685A2CD005F700AF4B25 /* XCRemoteSwiftPackageReference "ID3TagEditor" */,
			);
			preferredProjectObjectVersion = 77;
			productRefGroup = D9C4FBE42CC6900B00FA3988 /* Products */;
			projectDirPath = "";
			projectRoot = "";
			targets = (
				D9C4FBE22CC6900B00FA3988 /* PlaylistGenerator */,
				D9C4FBF32CC6900D00FA3988 /* PlaylistGeneratorTests */,
				D9C4FBFD2CC6900D00FA3988 /* PlaylistGeneratorUITests */,
			);
		};
/* End PBXProject section */

/* Begin PBXResourcesBuildPhase section */
		D9C4FBE12CC6900B00FA3988 /* Resources */ = {
			isa = PBXResourcesBuildPhase;
			buildActionMask = 2147483647;
			files = (
				F86F17222D159AEC006F3E73 /* README.md in Resources */,
				D9C208342D00A55C00F0AEAB /* Info.plist in Resources */,
			);
			runOnlyForDeploymentPostprocessing = 0;
		};
		D9C4FBF22CC6900D00FA3988 /* Resources */ = {
			isa = PBXResourcesBuildPhase;
			buildActionMask = 2147483647;
			files = (
			);
			runOnlyForDeploymentPostprocessing = 0;
		};
		D9C4FBFC2CC6900D00FA3988 /* Resources */ = {
			isa = PBXResourcesBuildPhase;
			buildActionMask = 2147483647;
			files = (
			);
			runOnlyForDeploymentPostprocessing = 0;
		};
/* End PBXResourcesBuildPhase section */

/* Begin PBXSourcesBuildPhase section */
		D9C4FBDF2CC6900B00FA3988 /* Sources */ = {
			isa = PBXSourcesBuildPhase;
			buildActionMask = 2147483647;
			files = (
			);
			runOnlyForDeploymentPostprocessing = 0;
		};
		D9C4FBF02CC6900D00FA3988 /* Sources */ = {
			isa = PBXSourcesBuildPhase;
			buildActionMask = 2147483647;
			files = (
			);
			runOnlyForDeploymentPostprocessing = 0;
		};
		D9C4FBFA2CC6900D00FA3988 /* Sources */ = {
			isa = PBXSourcesBuildPhase;
			buildActionMask = 2147483647;
			files = (
			);
			runOnlyForDeploymentPostprocessing = 0;
		};
/* End PBXSourcesBuildPhase section */

/* Begin PBXTargetDependency section */
		D9C4FBF62CC6900D00FA3988 /* PBXTargetDependency */ = {
			isa = PBXTargetDependency;
			target = D9C4FBE22CC6900B00FA3988 /* PlaylistGenerator */;
			targetProxy = D9C4FBF52CC6900D00FA3988 /* PBXContainerItemProxy */;
		};
		D9C4FC002CC6900D00FA3988 /* PBXTargetDependency */ = {
			isa = PBXTargetDependency;
			target = D9C4FBE22CC6900B00FA3988 /* PlaylistGenerator */;
			targetProxy = D9C4FBFF2CC6900D00FA3988 /* PBXContainerItemProxy */;
		};
/* End PBXTargetDependency section */

/* Begin XCBuildConfiguration section */
		D9C4FC062CC6900D00FA3988 /* Debug */ = {
			isa = XCBuildConfiguration;
			buildSettings = {
				ALWAYS_SEARCH_USER_PATHS = NO;
				ASSETCATALOG_COMPILER_GENERATE_SWIFT_ASSET_SYMBOL_EXTENSIONS = YES;
				CLANG_ANALYZER_NONNULL = YES;
				CLANG_ANALYZER_NUMBER_OBJECT_CONVERSION = YES_AGGRESSIVE;
				CLANG_CXX_LANGUAGE_STANDARD = "gnu++20";
				CLANG_ENABLE_MODULES = YES;
				CLANG_ENABLE_OBJC_ARC = YES;
				CLANG_ENABLE_OBJC_WEAK = YES;
				CLANG_WARN_BLOCK_CAPTURE_AUTORELEASING = YES;
				CLANG_WARN_BOOL_CONVERSION = YES;
				CLANG_WARN_COMMA = YES;
				CLANG_WARN_CONSTANT_CONVERSION = YES;
				CLANG_WARN_DEPRECATED_OBJC_IMPLEMENTATIONS = YES;
				CLANG_WARN_DIRECT_OBJC_ISA_USAGE = YES_ERROR;
				CLANG_WARN_DOCUMENTATION_COMMENTS = YES;
				CLANG_WARN_EMPTY_BODY = YES;
				CLANG_WARN_ENUM_CONVERSION = YES;
				CLANG_WARN_INFINITE_RECURSION = YES;
				CLANG_WARN_INT_CONVERSION = YES;
				CLANG_WARN_NON_LITERAL_NULL_CONVERSION = YES;
				CLANG_WARN_OBJC_IMPLICIT_RETAIN_SELF = YES;
				CLANG_WARN_OBJC_LITERAL_CONVERSION = YES;
				CLANG_WARN_OBJC_ROOT_CLASS = YES_ERROR;
				CLANG_WARN_QUOTED_INCLUDE_IN_FRAMEWORK_HEADER = YES;
				CLANG_WARN_RANGE_LOOP_ANALYSIS = YES;
				CLANG_WARN_STRICT_PROTOTYPES = YES;
				CLANG_WARN_SUSPICIOUS_MOVE = YES;
				CLANG_WARN_UNGUARDED_AVAILABILITY = YES_AGGRESSIVE;
				CLANG_WARN_UNREACHABLE_CODE = YES;
				CLANG_WARN__DUPLICATE_METHOD_MATCH = YES;
				COPY_PHASE_STRIP = NO;
				DEBUG_INFORMATION_FORMAT = dwarf;
				ENABLE_STRICT_OBJC_MSGSEND = YES;
				ENABLE_TESTABILITY = YES;
				ENABLE_USER_SCRIPT_SANDBOXING = YES;
				GCC_C_LANGUAGE_STANDARD = gnu17;
				GCC_DYNAMIC_NO_PIC = NO;
				GCC_NO_COMMON_BLOCKS = YES;
				GCC_OPTIMIZATION_LEVEL = 0;
				GCC_PREPROCESSOR_DEFINITIONS = (
					"DEBUG=1",
					"$(inherited)",
				);
				GCC_WARN_64_TO_32_BIT_CONVERSION = YES;
				GCC_WARN_ABOUT_RETURN_TYPE = YES_ERROR;
				GCC_WARN_UNDECLARED_SELECTOR = YES;
				GCC_WARN_UNINITIALIZED_AUTOS = YES_AGGRESSIVE;
				GCC_WARN_UNUSED_FUNCTION = YES;
				GCC_WARN_UNUSED_VARIABLE = YES;
				"INFOPLIST_FILE[sdk=*]" = "$(PROJECT_DIR)/Info.plist";
				LOCALIZATION_PREFERS_STRING_CATALOGS = YES;
				MACOSX_DEPLOYMENT_TARGET = 15.0;
				MTL_ENABLE_DEBUG_INFO = INCLUDE_SOURCE;
				MTL_FAST_MATH = YES;
				ONLY_ACTIVE_ARCH = YES;
				SDKROOT = macosx;
				SWIFT_ACTIVE_COMPILATION_CONDITIONS = "DEBUG $(inherited)";
				SWIFT_OPTIMIZATION_LEVEL = "-Onone";
			};
			name = Debug;
		};
		D9C4FC072CC6900D00FA3988 /* Release */ = {
			isa = XCBuildConfiguration;
			buildSettings = {
				ALWAYS_SEARCH_USER_PATHS = NO;
				ASSETCATALOG_COMPILER_GENERATE_SWIFT_ASSET_SYMBOL_EXTENSIONS = YES;
				CLANG_ANALYZER_NONNULL = YES;
				CLANG_ANALYZER_NUMBER_OBJECT_CONVERSION = YES_AGGRESSIVE;
				CLANG_CXX_LANGUAGE_STANDARD = "gnu++20";
				CLANG_ENABLE_MODULES = YES;
				CLANG_ENABLE_OBJC_ARC = YES;
				CLANG_ENABLE_OBJC_WEAK = YES;
				CLANG_WARN_BLOCK_CAPTURE_AUTORELEASING = YES;
				CLANG_WARN_BOOL_CONVERSION = YES;
				CLANG_WARN_COMMA = YES;
				CLANG_WARN_CONSTANT_CONVERSION = YES;
				CLANG_WARN_DEPRECATED_OBJC_IMPLEMENTATIONS = YES;
				CLANG_WARN_DIRECT_OBJC_ISA_USAGE = YES_ERROR;
				CLANG_WARN_DOCUMENTATION_COMMENTS = YES;
				CLANG_WARN_EMPTY_BODY = YES;
				CLANG_WARN_ENUM_CONVERSION = YES;
				CLANG_WARN_INFINITE_RECURSION = YES;
				CLANG_WARN_INT_CONVERSION = YES;
				CLANG_WARN_NON_LITERAL_NULL_CONVERSION = YES;
				CLANG_WARN_OBJC_IMPLICIT_RETAIN_SELF = YES;
				CLANG_WARN_OBJC_LITERAL_CONVERSION = YES;
				CLANG_WARN_OBJC_ROOT_CLASS = YES_ERROR;
				CLANG_WARN_QUOTED_INCLUDE_IN_FRAMEWORK_HEADER = YES;
				CLANG_WARN_RANGE_LOOP_ANALYSIS = YES;
				CLANG_WARN_STRICT_PROTOTYPES = YES;
				CLANG_WARN_SUSPICIOUS_MOVE = YES;
				CLANG_WARN_UNGUARDED_AVAILABILITY = YES_AGGRESSIVE;
				CLANG_WARN_UNREACHABLE_CODE = YES;
				CLANG_WARN__DUPLICATE_METHOD_MATCH = YES;
				COPY_PHASE_STRIP = NO;
				DEBUG_INFORMATION_FORMAT = "dwarf-with-dsym";
				ENABLE_NS_ASSERTIONS = NO;
				ENABLE_STRICT_OBJC_MSGSEND = YES;
				ENABLE_USER_SCRIPT_SANDBOXING = YES;
				GCC_C_LANGUAGE_STANDARD = gnu17;
				GCC_NO_COMMON_BLOCKS = YES;
				GCC_WARN_64_TO_32_BIT_CONVERSION = YES;
				GCC_WARN_ABOUT_RETURN_TYPE = YES_ERROR;
				GCC_WARN_UNDECLARED_SELECTOR = YES;
				GCC_WARN_UNINITIALIZED_AUTOS = YES_AGGRESSIVE;
				GCC_WARN_UNUSED_FUNCTION = YES;
				GCC_WARN_UNUSED_VARIABLE = YES;
				"INFOPLIST_FILE[sdk=*]" = "$(PROJECT_DIR)/Info.plist";
				LOCALIZATION_PREFERS_STRING_CATALOGS = YES;
				MACOSX_DEPLOYMENT_TARGET = 15.0;
				MTL_ENABLE_DEBUG_INFO = NO;
				MTL_FAST_MATH = YES;
				SDKROOT = macosx;
				SWIFT_COMPILATION_MODE = wholemodule;
			};
			name = Release;
		};
		D9C4FC092CC6900D00FA3988 /* Debug */ = {
			isa = XCBuildConfiguration;
			buildSettings = {
				ASSETCATALOG_COMPILER_APPICON_NAME = AppIcon;
				ASSETCATALOG_COMPILER_GLOBAL_ACCENT_COLOR_NAME = AccentColor;
				CODE_SIGN_ENTITLEMENTS = PlaylistGenerator/PlaylistGenerator.entitlements;
				CODE_SIGN_STYLE = Automatic;
				COMBINE_HIDPI_IMAGES = YES;
				CURRENT_PROJECT_VERSION = 1;
				DEVELOPMENT_ASSET_PATHS = "\"PlaylistGenerator/Preview Content\"";
				DEVELOPMENT_TEAM = LWDRMBU4X2;
				ENABLE_HARDENED_RUNTIME = YES;
				ENABLE_PREVIEWS = YES;
				GENERATE_INFOPLIST_FILE = YES;
				HEADER_SEARCH_PATHS = "";
				INFOPLIST_KEY_LSApplicationCategoryType = "public.app-category.music";
				INFOPLIST_KEY_NSHumanReadableCopyright = "";
				LD_RUNPATH_SEARCH_PATHS = (
					"$(inherited)",
					"@executable_path/../Frameworks",
					/opt/homebrew/Cellar/taglib/1.13.1/lib,
				);
				LIBRARY_SEARCH_PATHS = (
					"$(inherited)",
					"$(PROJECT_DIR)/PlaylistGenerator",
				);
				MARKETING_VERSION = 1.0;
				PRODUCT_BUNDLE_IDENTIFIER = com.henryevison.PlaylistGenerator;
				PRODUCT_NAME = "$(TARGET_NAME)";
				SWIFT_EMIT_LOC_STRINGS = YES;
				SWIFT_OBJC_BRIDGING_HEADER = "";
				SWIFT_VERSION = 5.0;
			};
			name = Debug;
		};
		D9C4FC0A2CC6900D00FA3988 /* Release */ = {
			isa = XCBuildConfiguration;
			buildSettings = {
				ASSETCATALOG_COMPILER_APPICON_NAME = AppIcon;
				ASSETCATALOG_COMPILER_GLOBAL_ACCENT_COLOR_NAME = AccentColor;
				CODE_SIGN_ENTITLEMENTS = PlaylistGenerator/PlaylistGenerator.entitlements;
				CODE_SIGN_STYLE = Automatic;
				COMBINE_HIDPI_IMAGES = YES;
				CURRENT_PROJECT_VERSION = 1;
				DEVELOPMENT_ASSET_PATHS = "\"PlaylistGenerator/Preview Content\"";
				DEVELOPMENT_TEAM = LWDRMBU4X2;
				ENABLE_HARDENED_RUNTIME = YES;
				ENABLE_PREVIEWS = YES;
				GENERATE_INFOPLIST_FILE = YES;
				HEADER_SEARCH_PATHS = "";
				INFOPLIST_KEY_LSApplicationCategoryType = "public.app-category.music";
				INFOPLIST_KEY_NSHumanReadableCopyright = "";
				LD_RUNPATH_SEARCH_PATHS = (
					"$(inherited)",
					"@executable_path/../Frameworks",
					/opt/homebrew/Cellar/taglib/1.13.1/lib,
				);
				LIBRARY_SEARCH_PATHS = (
					"$(inherited)",
					"$(PROJECT_DIR)/PlaylistGenerator",
				);
				MARKETING_VERSION = 1.0;
				PRODUCT_BUNDLE_IDENTIFIER = com.henryevison.PlaylistGenerator;
				PRODUCT_NAME = "$(TARGET_NAME)";
				SWIFT_EMIT_LOC_STRINGS = YES;
				SWIFT_OBJC_BRIDGING_HEADER = "";
				SWIFT_VERSION = 5.0;
			};
			name = Release;
		};
		D9C4FC0C2CC6900D00FA3988 /* Debug */ = {
			isa = XCBuildConfiguration;
			buildSettings = {
				BUNDLE_LOADER = "$(TEST_HOST)";
				CODE_SIGN_STYLE = Automatic;
				CURRENT_PROJECT_VERSION = 1;
				DEVELOPMENT_TEAM = LWDRMBU4X2;
				GENERATE_INFOPLIST_FILE = YES;
				MACOSX_DEPLOYMENT_TARGET = 15.0;
				MARKETING_VERSION = 1.0;
				PRODUCT_BUNDLE_IDENTIFIER = com.henryevison.PlaylistGeneratorTests;
				PRODUCT_NAME = "$(TARGET_NAME)";
				SWIFT_EMIT_LOC_STRINGS = NO;
				SWIFT_VERSION = 5.0;
				TEST_HOST = "$(BUILT_PRODUCTS_DIR)/PlaylistGenerator.app/$(BUNDLE_EXECUTABLE_FOLDER_PATH)/PlaylistGenerator";
			};
			name = Debug;
		};
		D9C4FC0D2CC6900D00FA3988 /* Release */ = {
			isa = XCBuildConfiguration;
			buildSettings = {
				BUNDLE_LOADER = "$(TEST_HOST)";
				CODE_SIGN_STYLE = Automatic;
				CURRENT_PROJECT_VERSION = 1;
				DEVELOPMENT_TEAM = LWDRMBU4X2;
				GENERATE_INFOPLIST_FILE = YES;
				MACOSX_DEPLOYMENT_TARGET = 15.0;
				MARKETING_VERSION = 1.0;
				PRODUCT_BUNDLE_IDENTIFIER = com.henryevison.PlaylistGeneratorTests;
				PRODUCT_NAME = "$(TARGET_NAME)";
				SWIFT_EMIT_LOC_STRINGS = NO;
				SWIFT_VERSION = 5.0;
				TEST_HOST = "$(BUILT_PRODUCTS_DIR)/PlaylistGenerator.app/$(BUNDLE_EXECUTABLE_FOLDER_PATH)/PlaylistGenerator";
			};
			name = Release;
		};
		D9C4FC0F2CC6900D00FA3988 /* Debug */ = {
			isa = XCBuildConfiguration;
			buildSettings = {
				CODE_SIGN_STYLE = Automatic;
				CURRENT_PROJECT_VERSION = 1;
				DEVELOPMENT_TEAM = LWDRMBU4X2;
				GENERATE_INFOPLIST_FILE = YES;
				MARKETING_VERSION = 1.0;
				PRODUCT_BUNDLE_IDENTIFIER = com.henryevison.PlaylistGeneratorUITests;
				PRODUCT_NAME = "$(TARGET_NAME)";
				SWIFT_EMIT_LOC_STRINGS = NO;
				SWIFT_VERSION = 5.0;
				TEST_TARGET_NAME = PlaylistGenerator;
			};
			name = Debug;
		};
		D9C4FC102CC6900D00FA3988 /* Release */ = {
			isa = XCBuildConfiguration;
			buildSettings = {
				CODE_SIGN_STYLE = Automatic;
				CURRENT_PROJECT_VERSION = 1;
				DEVELOPMENT_TEAM = LWDRMBU4X2;
				GENERATE_INFOPLIST_FILE = YES;
				MARKETING_VERSION = 1.0;
				PRODUCT_BUNDLE_IDENTIFIER = com.henryevison.PlaylistGeneratorUITests;
				PRODUCT_NAME = "$(TARGET_NAME)";
				SWIFT_EMIT_LOC_STRINGS = NO;
				SWIFT_VERSION = 5.0;
				TEST_TARGET_NAME = PlaylistGenerator;
			};
			name = Release;
		};
/* End XCBuildConfiguration section */

/* Begin XCConfigurationList section */
		D9C4FBDE2CC6900B00FA3988 /* Build configuration list for PBXProject "PlaylistGenerator" */ = {
			isa = XCConfigurationList;
			buildConfigurations = (
				D9C4FC062CC6900D00FA3988 /* Debug */,
				D9C4FC072CC6900D00FA3988 /* Release */,
			);
			defaultConfigurationIsVisible = 0;
			defaultConfigurationName = Release;
		};
		D9C4FC082CC6900D00FA3988 /* Build configuration list for PBXNativeTarget "PlaylistGenerator" */ = {
			isa = XCConfigurationList;
			buildConfigurations = (
				D9C4FC092CC6900D00FA3988 /* Debug */,
				D9C4FC0A2CC6900D00FA3988 /* Release */,
			);
			defaultConfigurationIsVisible = 0;
			defaultConfigurationName = Release;
		};
		D9C4FC0B2CC6900D00FA3988 /* Build configuration list for PBXNativeTarget "PlaylistGeneratorTests" */ = {
			isa = XCConfigurationList;
			buildConfigurations = (
				D9C4FC0C2CC6900D00FA3988 /* Debug */,
				D9C4FC0D2CC6900D00FA3988 /* Release */,
			);
			defaultConfigurationIsVisible = 0;
			defaultConfigurationName = Release;
		};
		D9C4FC0E2CC6900D00FA3988 /* Build configuration list for PBXNativeTarget "PlaylistGeneratorUITests" */ = {
			isa = XCConfigurationList;
			buildConfigurations = (
				D9C4FC0F2CC6900D00FA3988 /* Debug */,
				D9C4FC102CC6900D00FA3988 /* Release */,
			);
			defaultConfigurationIsVisible = 0;
			defaultConfigurationName = Release;
		};
/* End XCConfigurationList section */

/* Begin XCRemoteSwiftPackageReference section */
		D9D6685A2CD005F700AF4B25 /* XCRemoteSwiftPackageReference "ID3TagEditor" */ = {
			isa = XCRemoteSwiftPackageReference;
			repositoryURL = "https://github.com/chicio/ID3TagEditor";
			requirement = {
				kind = upToNextMajorVersion;
				minimumVersion = 5.2.0;
			};
		};
/* End XCRemoteSwiftPackageReference section */

/* Begin XCSwiftPackageProductDependency section */
		D9D6685B2CD005F700AF4B25 /* ID3TagEditor */ = {
			isa = XCSwiftPackageProductDependency;
			package = D9D6685A2CD005F700AF4B25 /* XCRemoteSwiftPackageReference "ID3TagEditor" */;
			productName = ID3TagEditor;
		};
/* End XCSwiftPackageProductDependency section */
	};
	rootObject = D9C4FBDB2CC6900B00FA3988 /* Project object */;
}
